# Pinned Windows Python3.12 research/test dependencies; excludes unrelated bundled document tools.
attrs==26.1.0
certifi==2026.7.22
cffi==2.1.1
charset-normalizer==3.5.1
colorama==0.4.6
eccodes==2.48.0
findlibs==0.1.3
idna==3.20
iniconfig==2.3.0
numpy==2.3.5
packaging==26.3
pluggy==1.6.0
pyarrow==25.0.1
pycparser==3.0
pygments==2.21.0
pytest==9.1.1
requests==2.34.2
urllib3==2.8.0
